<Solution>
  <Folder Name="/Task0/">
    <Project Path="Tyuiu.RogovichID.Sprint1.Task0.V4.Lib/Tyuiu.RogovichID.Sprint1.Task0.V4.Lib.csproj" />
    <Project Path="Tyuiu.RogovichID.Sprint1.Task0.V4.Test/Tyuiu.RogovichID.Sprint1.Task0.V4.Test.csproj" />
    <Project Path="Tyuiu.RogovichID.Sprint1.Task0.V4/Tyuiu.RogovichID.Sprint1.Task0.V4.csproj" />
  </Folder>
  <Folder Name="/Task1/">
    <Project Path="Tyuiu.RogovichID.Sprint1.Task1.V15.Lib/Tyuiu.RogovichID.Sprint1.Task1.V15.Lib.csproj" />
    <Project Path="Tyuiu.RogovichID.Sprint1.Task1.V15.Test/Tyuiu.RogovichID.Sprint1.Task1.V15.Test.csproj" />
    <Project Path="Tyuiu.RogovichID.Sprint1.Task1.V15/Tyuiu.RogovichID.Sprint1.Task1.V15.csproj" />
  </Folder>
  <Folder Name="/Task2/">
    <Project Path="Tyuiu.RogovichID.Sprint1.Task2.V24.Lib/Tyuiu.RogovichID.Sprint1.Task2.V24.Lib.csproj" />
    <Project Path="Tyuiu.RogovichID.Sprint1.Task2.V24.Test/Tyuiu.RogovichID.Sprint1.Task2.V24.Test.csproj" />
    <Project Path="Tyuiu.RogovichID.Sprint1.Task2.V24/Tyuiu.RogovichID.Sprint1.Task2.V24.csproj" />
  </Folder>
</Solution>
